
Microsoft Visual Studio Solution File, Format Version 12.00
# Visual Studio Version 17
VisualStudioVersion = 17.0.31912.275
MinimumVisualStudioVersion = 10.0.40219.1
Project("{2150E333-8FDC-42A3-9474-1A3956D46DE8}") = "Source", "Source", "{3D7959F3-A28D-4CCA-AF82-70814907CF9C}"
EndProject
Project("{2150E333-8FDC-42A3-9474-1A3956D46DE8}") = "Web", "Web", "{78E81CB9-056B-4148-8F20-C75C8D4259EC}"
EndProject
Project("{9A19103F-16F7-4668-BE54-9A1E7A4F7556}") = "WSA.Microservice.AuthSample.Web", "WSA.Microservice.AuthSample.Web\WSA.Microservice.AuthSample.Web.csproj", "{04A43AC7-148F-4B94-B742-6B6F90406BFB}"
EndProject
Global
	GlobalSection(SolutionConfigurationPlatforms) = preSolution
		Debug|Any CPU = Debug|Any CPU
		Release|Any CPU = Release|Any CPU
	EndGlobalSection
	GlobalSection(ProjectConfigurationPlatforms) = postSolution
		{04A43AC7-148F-4B94-B742-6B6F90406BFB}.Debug|Any CPU.ActiveCfg = Debug|Any CPU
		{04A43AC7-148F-4B94-B742-6B6F90406BFB}.Debug|Any CPU.Build.0 = Debug|Any CPU
		{04A43AC7-148F-4B94-B742-6B6F90406BFB}.Release|Any CPU.ActiveCfg = Release|Any CPU
		{04A43AC7-148F-4B94-B742-6B6F90406BFB}.Release|Any CPU.Build.0 = Release|Any CPU
	EndGlobalSection
	GlobalSection(SolutionProperties) = preSolution
		HideSolutionNode = FALSE
	EndGlobalSection
	GlobalSection(NestedProjects) = preSolution
		{78E81CB9-056B-4148-8F20-C75C8D4259EC} = {3D7959F3-A28D-4CCA-AF82-70814907CF9C}
		{04A43AC7-148F-4B94-B742-6B6F90406BFB} = {78E81CB9-056B-4148-8F20-C75C8D4259EC}
	EndGlobalSection
	GlobalSection(ExtensibilityGlobals) = postSolution
		SolutionGuid = {2AE749A0-3D06-4B27-B396-3FAAC9C54818}
	EndGlobalSection
EndGlobal
